{
  "version": 4,
  "terraform_version": "0.14.9",
  "serial": 80,
  "lineage": "6906d7fc-01d2-3e4d-e988-cac39e34e424",
  "outputs": {},
  "resources": [
    {
      "mode": "data",
      "type": "template_cloudinit_config",
      "name": "cloudinit-example",
      "provider": "provider[\"registry.terraform.io/hashicorp/template\"]",
      "instances": [
        {
          "schema_version": 0,
          "attributes": {
            "base64_encode": true,
            "gzip": true,
            "id": "315494550",
            "part": [
              {
                "content": "#!/bin/bash\nsudo apt-get update\nsudo apt-get install default-jre -y\nwget -qO - https://artifacts.elastic.co/GPG-KEY-elasticsearch | sudo apt-key add -\necho \"deb https://artifacts.elastic.co/packages/6.x/apt stable main\" | sudo tee -a /etc/apt/sources.list.d/elastic-6.x.list\nsudo apt-get update\nsudo apt-get install kibana\nsudo cat \u003c\u003cEOF \u003e\u003e /etc/kibana/kibana.yml\nserver.port: 5601\nserver.host: \"0.0.0.0\"\nelasticsearch.hosts: [\"http://172.31.20.110:9200\"]\nEOF\nsudo systemctl start kibana\nsudo systemctl enable kibana\n",
                "content_type": "text/x-shellscript",
                "filename": "kibanaScript.sh",
                "merge_type": ""
              }
            ],
            "rendered": "H4sIAAAAAAAA/4xSX2/UPhB8t3TfYX/5PdtOimhF+kcCeq0QKoegIFWIh42z15hznODdwEXiw6PL3dEeSAj5wfLMeHY09ssuCkXRt2NPJbRDEN9jEtv6NdWnUHVDrDGN59nNq5v5i8WHN5fP391lanPSHymx72IJhclnaqa0fiyaqb33pee+Yy+TFkXQNS1FOYWlDxSxpfNs5SuM+N4l34vhJnu4fJsw8pKSnkfX1T7el3BSeXkkmJILrcWuNTcUAk82M3XjW/oj5P//2cpHWyE3ioe6A+xF35PA0NcodIj5yIIhQE1LHILoL4lAj+r7htNfF6ChEem5tBaT+CU6YUMBWbwzrrPXb6/16/md3kFMmFwDP+DXjBWNgHUNWpFrOshqqv7u2KNb4T2xPTZri70AC1aBoEUfs72zEIFGsCRuo7HcDckRm+BZTG13dvrYrCfo32vYvtKWcyhwdjZfXMHFxXbUlt1tZmyDYkrfKJm+S1LC0+O82CNNx1JClptpZeqgoInlEj5lmypKa4uTI/OkMEe5KYq8fHaU59lnNV9cbYPwyEKtk7DpIslByAeO4tTTjvz9r2o9Uz8DAAD//2IGzOUKAwAA"
          },
          "sensitive_attributes": []
        }
      ]
    },
    {
      "mode": "data",
      "type": "template_file",
      "name": "init-script",
      "provider": "provider[\"registry.terraform.io/hashicorp/template\"]",
      "instances": [
        {
          "schema_version": 0,
          "attributes": {
            "filename": null,
            "id": "b26779940e872c25d0dac1cc707ffa547985be8859ed5ea70b7aae7ee5a39285",
            "rendered": "#!/bin/bash\nsudo apt-get update\nsudo apt-get install default-jre -y\nwget -qO - https://artifacts.elastic.co/GPG-KEY-elasticsearch | sudo apt-key add -\necho \"deb https://artifacts.elastic.co/packages/6.x/apt stable main\" | sudo tee -a /etc/apt/sources.list.d/elastic-6.x.list\nsudo apt-get update\nsudo apt-get install kibana\nsudo cat \u003c\u003cEOF \u003e\u003e /etc/kibana/kibana.yml\nserver.port: 5601\nserver.host: \"0.0.0.0\"\nelasticsearch.hosts: [\"http://172.31.20.110:9200\"]\nEOF\nsudo systemctl start kibana\nsudo systemctl enable kibana\n",
            "template": "#!/bin/bash\nsudo apt-get update\nsudo apt-get install default-jre -y\nwget -qO - https://artifacts.elastic.co/GPG-KEY-elasticsearch | sudo apt-key add -\necho \"deb https://artifacts.elastic.co/packages/6.x/apt stable main\" | sudo tee -a /etc/apt/sources.list.d/elastic-6.x.list\nsudo apt-get update\nsudo apt-get install kibana\nsudo cat \u003c\u003cEOF \u003e\u003e /etc/kibana/kibana.yml\nserver.port: 5601\nserver.host: \"0.0.0.0\"\nelasticsearch.hosts: [\"http://${PI}:9200\"]\nEOF\nsudo systemctl start kibana\nsudo systemctl enable kibana\n",
            "vars": {
              "PI": "172.31.20.110"
            }
          },
          "sensitive_attributes": []
        }
      ]
    },
    {
      "mode": "managed",
      "type": "aws_instance",
      "name": "example",
      "provider": "provider[\"registry.terraform.io/hashicorp/aws\"]",
      "instances": [
        {
          "schema_version": 1,
          "attributes": {
            "ami": "ami-028a5cff2f5a0f6c3",
            "arn": "arn:aws:ec2:ap-southeast-1:134936455060:instance/i-0e37d1553afa357b0",
            "associate_public_ip_address": true,
            "availability_zone": "ap-southeast-1a",
            "cpu_core_count": 1,
            "cpu_threads_per_core": 1,
            "credit_specification": [
              {
                "cpu_credits": "standard"
              }
            ],
            "disable_api_termination": false,
            "ebs_block_device": [],
            "ebs_optimized": false,
            "enclave_options": [
              {
                "enabled": false
              }
            ],
            "ephemeral_block_device": [],
            "get_password_data": false,
            "hibernation": false,
            "host_id": null,
            "iam_instance_profile": "",
            "id": "i-0e37d1553afa357b0",
            "instance_initiated_shutdown_behavior": null,
            "instance_state": "running",
            "instance_type": "t2.micro",
            "ipv6_address_count": 0,
            "ipv6_addresses": [],
            "key_name": "mykey",
            "metadata_options": [
              {
                "http_endpoint": "enabled",
                "http_put_response_hop_limit": 1,
                "http_tokens": "optional"
              }
            ],
            "monitoring": false,
            "network_interface": [],
            "outpost_arn": "",
            "password_data": "",
            "placement_group": "",
            "primary_network_interface_id": "eni-0c23a46cb76da4d4d",
            "private_dns": "ip-172-31-20-110.ap-southeast-1.compute.internal",
            "private_ip": "172.31.20.110",
            "public_dns": "ec2-54-169-75-202.ap-southeast-1.compute.amazonaws.com",
            "public_ip": "54.169.75.202",
            "root_block_device": [
              {
                "delete_on_termination": true,
                "device_name": "/dev/sda1",
                "encrypted": false,
                "iops": 100,
                "kms_key_id": "",
                "tags": {},
                "throughput": 0,
                "volume_id": "vol-062e5a04b48611cb1",
                "volume_size": 8,
                "volume_type": "gp2"
              }
            ],
            "secondary_private_ips": [],
            "security_groups": [
              "default"
            ],
            "source_dest_check": true,
            "subnet_id": "subnet-3b16b25d",
            "tags": {
              "Name": "ElasticSearch"
            },
            "tenancy": "default",
            "timeouts": null,
            "user_data": "b279cbd4d4b6cdb3fc3896f5b5f265411bcb90e4",
            "user_data_base64": null,
            "volume_tags": null,
            "vpc_security_group_ids": [
              "sg-c8ab8681"
            ]
          },
          "sensitive_attributes": [],
          "private": "eyJlMmJmYjczMC1lY2FhLTExZTYtOGY4OC0zNDM2M2JjN2M0YzAiOnsiY3JlYXRlIjo2MDAwMDAwMDAwMDAsImRlbGV0ZSI6MTIwMDAwMDAwMDAwMCwidXBkYXRlIjo2MDAwMDAwMDAwMDB9LCJzY2hlbWFfdmVyc2lvbiI6IjEifQ==",
          "dependencies": [
            "aws_key_pair.mykey"
          ]
        }
      ]
    },
    {
      "mode": "managed",
      "type": "aws_instance",
      "name": "kibana",
      "provider": "provider[\"registry.terraform.io/hashicorp/aws\"]",
      "instances": [
        {
          "schema_version": 1,
          "attributes": {
            "ami": "ami-028a5cff2f5a0f6c3",
            "arn": "arn:aws:ec2:ap-southeast-1:134936455060:instance/i-0bbbbc49da2827813",
            "associate_public_ip_address": true,
            "availability_zone": "ap-southeast-1a",
            "cpu_core_count": 1,
            "cpu_threads_per_core": 1,
            "credit_specification": [
              {
                "cpu_credits": "standard"
              }
            ],
            "disable_api_termination": false,
            "ebs_block_device": [],
            "ebs_optimized": false,
            "enclave_options": [
              {
                "enabled": false
              }
            ],
            "ephemeral_block_device": [],
            "get_password_data": false,
            "hibernation": false,
            "host_id": null,
            "iam_instance_profile": "",
            "id": "i-0bbbbc49da2827813",
            "instance_initiated_shutdown_behavior": null,
            "instance_state": "running",
            "instance_type": "t2.micro",
            "ipv6_address_count": 0,
            "ipv6_addresses": [],
            "key_name": "mykey",
            "metadata_options": [
              {
                "http_endpoint": "enabled",
                "http_put_response_hop_limit": 1,
                "http_tokens": "optional"
              }
            ],
            "monitoring": false,
            "network_interface": [],
            "outpost_arn": "",
            "password_data": "",
            "placement_group": "",
            "primary_network_interface_id": "eni-0252552937620ded4",
            "private_dns": "ip-172-31-29-29.ap-southeast-1.compute.internal",
            "private_ip": "172.31.29.29",
            "public_dns": "ec2-54-151-213-109.ap-southeast-1.compute.amazonaws.com",
            "public_ip": "54.151.213.109",
            "root_block_device": [
              {
                "delete_on_termination": true,
                "device_name": "/dev/sda1",
                "encrypted": false,
                "iops": 100,
                "kms_key_id": "",
                "tags": {},
                "throughput": 0,
                "volume_id": "vol-013e55b3f02dd2b7e",
                "volume_size": 8,
                "volume_type": "gp2"
              }
            ],
            "secondary_private_ips": [],
            "security_groups": [
              "default"
            ],
            "source_dest_check": true,
            "subnet_id": "subnet-3b16b25d",
            "tags": {
              "Name": "Kibana instance"
            },
            "tenancy": "default",
            "timeouts": null,
            "user_data": "4bd41074c9bfce2c5e018acb03d8250bfa209bfe",
            "user_data_base64": null,
            "volume_tags": null,
            "vpc_security_group_ids": [
              "sg-c8ab8681"
            ]
          },
          "sensitive_attributes": [],
          "private": "eyJlMmJmYjczMC1lY2FhLTExZTYtOGY4OC0zNDM2M2JjN2M0YzAiOnsiY3JlYXRlIjo2MDAwMDAwMDAwMDAsImRlbGV0ZSI6MTIwMDAwMDAwMDAwMCwidXBkYXRlIjo2MDAwMDAwMDAwMDB9LCJzY2hlbWFfdmVyc2lvbiI6IjEifQ==",
          "dependencies": [
            "aws_instance.example",
            "aws_key_pair.mykey",
            "data.template_cloudinit_config.cloudinit-example",
            "data.template_file.init-script"
          ]
        }
      ]
    },
    {
      "mode": "managed",
      "type": "aws_key_pair",
      "name": "mykey",
      "provider": "provider[\"registry.terraform.io/hashicorp/aws\"]",
      "instances": [
        {
          "schema_version": 1,
          "attributes": {
            "arn": "arn:aws:ec2:ap-southeast-1:134936455060:key-pair/mykey",
            "fingerprint": "f3:a0:00:83:74:2d:af:ea:24:fb:3f:55:43:04:aa:0a",
            "id": "mykey",
            "key_name": "mykey",
            "key_name_prefix": null,
            "key_pair_id": "key-0dbd09766b40de165",
            "public_key": "ssh-rsa AAAAB3NzaC1yc2EAAAADAQABAAABAQC3re88OeQPfH7rLWOKfCmeMwFOa/0gITlYLKtK5xWJFCPle1o0IwTsvdmkSNR3ncylmiY807SfHW/28iquXV6e8iXBYN50oR6b4xu4DZ7EsXCw4f9yRoMv4FXaw2/0CZ/dROmzQt0ifPBmIgZqjPR54147pnC+KQAACkHZcq3fKsuBovYHJPCbbbUW75Ilg9YG0UIfDoZJZL7zkqjTLgdgqmktmc+EqFhgdPWnwgAQLgKgeYApBUsGNrIkWuYXd2dzh/iQnBDJrQLyOb3qp7VhfPmxmSW+nz8Rbp4+QKID/ZmjjYaPU2C3dGRbhiBJlKIVpOrSE873UicslyAAC4Wr root@coditas-Latitude-E7440",
            "tags": null
          },
          "sensitive_attributes": [],
          "private": "eyJzY2hlbWFfdmVyc2lvbiI6IjEifQ=="
        }
      ]
    }
  ]
}
